
Microsoft Visual Studio Solution File, Format Version 11.00
# Visual Studio 2010
Project("{FAE04EC0-301F-11D3-BF4B-00C04F79EFBC}") = "com.vimeo.api", "com.vimeo.api\com.vimeo.api.csproj", "{9A0777A7-4EF9-457C-9BB3-D8DEC146595B}"
EndProject
Project("{FAE04EC0-301F-11D3-BF4B-00C04F79EFBC}") = "com.vimeo.api.tests", "com.vimeo.tests\com.vimeo.api.tests.csproj", "{30127D52-F91F-4944-8E8C-DBB598A1ACB3}"
EndProject
Project("{2150E333-8FDC-42A3-9474-1A3956D46DE8}") = "Solution Items", "Solution Items", "{50561CC4-E4D1-464C-A1C8-22B95AD2E266}"
	ProjectSection(SolutionItems) = preProject
		Local.testsettings = Local.testsettings
		TraceAndTestImpact.testsettings = TraceAndTestImpact.testsettings
		vimeo.vsmdi = vimeo.vsmdi
	EndProjectSection
EndProject
Global
	GlobalSection(TestCaseManagementSettings) = postSolution
		CategoryFile = vimeo.vsmdi
	EndGlobalSection
	GlobalSection(SolutionConfigurationPlatforms) = preSolution
		Debug|Any CPU = Debug|Any CPU
		Debug|Mixed Platforms = Debug|Mixed Platforms
		Debug|x86 = Debug|x86
		Release|Any CPU = Release|Any CPU
		Release|Mixed Platforms = Release|Mixed Platforms
		Release|x86 = Release|x86
	EndGlobalSection
	GlobalSection(ProjectConfigurationPlatforms) = postSolution
		{9A0777A7-4EF9-457C-9BB3-D8DEC146595B}.Debug|Any CPU.ActiveCfg = Debug|x86
		{9A0777A7-4EF9-457C-9BB3-D8DEC146595B}.Debug|Mixed Platforms.ActiveCfg = Debug|x86
		{9A0777A7-4EF9-457C-9BB3-D8DEC146595B}.Debug|Mixed Platforms.Build.0 = Debug|x86
		{9A0777A7-4EF9-457C-9BB3-D8DEC146595B}.Debug|x86.ActiveCfg = Debug|x86
		{9A0777A7-4EF9-457C-9BB3-D8DEC146595B}.Debug|x86.Build.0 = Debug|x86
		{9A0777A7-4EF9-457C-9BB3-D8DEC146595B}.Release|Any CPU.ActiveCfg = Release|x86
		{9A0777A7-4EF9-457C-9BB3-D8DEC146595B}.Release|Mixed Platforms.ActiveCfg = Release|x64
		{9A0777A7-4EF9-457C-9BB3-D8DEC146595B}.Release|Mixed Platforms.Build.0 = Release|x64
		{9A0777A7-4EF9-457C-9BB3-D8DEC146595B}.Release|x86.ActiveCfg = Release|x86
		{9A0777A7-4EF9-457C-9BB3-D8DEC146595B}.Release|x86.Build.0 = Release|x86
		{30127D52-F91F-4944-8E8C-DBB598A1ACB3}.Debug|Any CPU.ActiveCfg = Debug|Any CPU
		{30127D52-F91F-4944-8E8C-DBB598A1ACB3}.Debug|Any CPU.Build.0 = Debug|Any CPU
		{30127D52-F91F-4944-8E8C-DBB598A1ACB3}.Debug|Mixed Platforms.ActiveCfg = Debug|Any CPU
		{30127D52-F91F-4944-8E8C-DBB598A1ACB3}.Debug|Mixed Platforms.Build.0 = Debug|Any CPU
		{30127D52-F91F-4944-8E8C-DBB598A1ACB3}.Debug|x86.ActiveCfg = Debug|Any CPU
		{30127D52-F91F-4944-8E8C-DBB598A1ACB3}.Release|Any CPU.ActiveCfg = Release|Any CPU
		{30127D52-F91F-4944-8E8C-DBB598A1ACB3}.Release|Any CPU.Build.0 = Release|Any CPU
		{30127D52-F91F-4944-8E8C-DBB598A1ACB3}.Release|Mixed Platforms.ActiveCfg = Release|Any CPU
		{30127D52-F91F-4944-8E8C-DBB598A1ACB3}.Release|Mixed Platforms.Build.0 = Release|Any CPU
		{30127D52-F91F-4944-8E8C-DBB598A1ACB3}.Release|x86.ActiveCfg = Release|Any CPU
	EndGlobalSection
	GlobalSection(SolutionProperties) = preSolution
		HideSolutionNode = FALSE
	EndGlobalSection
EndGlobal
